// !$*UTF8*$!
{
	archiveVersion = 1;
	classes = {
	};
	objectVersion = 56;
	objects = {

/* Begin PBXBuildFile section */
		74BB0CEC2BC65AC300BC2AA3 /* AppDelegate.swift in Sources */ = {isa = PBXBuildFile; fileRef = 74BB0CEB2BC65AC300BC2AA3 /* AppDelegate.swift */; };
		74BB0CEE2BC65AC300BC2AA3 /* SceneDelegate.swift in Sources */ = {isa = PBXBuildFile; fileRef = 74BB0CED2BC65AC300BC2AA3 /* SceneDelegate.swift */; };
		74BB0CF02BC65AC300BC2AA3 /* MainTabBarViewController.swift in Sources */ = {isa = PBXBuildFile; fileRef = 74BB0CEF2BC65AC300BC2AA3 /* MainTabBarViewController.swift */; };
		74BB0CF52BC65AC500BC2AA3 /* Assets.xcassets in Resources */ = {isa = PBXBuildFile; fileRef = 74BB0CF42BC65AC500BC2AA3 /* Assets.xcassets */; };
		74BB0CF82BC65AC500BC2AA3 /* LaunchScreen.storyboard in Resources */ = {isa = PBXBuildFile; fileRef = 74BB0CF62BC65AC500BC2AA3 /* LaunchScreen.storyboard */; };
		74BB0D032BC65AC500BC2AA3 /* NETFLIXTests.swift in Sources */ = {isa = PBXBuildFile; fileRef = 74BB0D022BC65AC500BC2AA3 /* NETFLIXTests.swift */; };
		74BB0D0D2BC65AC500BC2AA3 /* NETFLIXUITests.swift in Sources */ = {isa = PBXBuildFile; fileRef = 74BB0D0C2BC65AC500BC2AA3 /* NETFLIXUITests.swift */; };
		74BB0D0F2BC65AC500BC2AA3 /* NETFLIXUITestsLaunchTests.swift in Sources */ = {isa = PBXBuildFile; fileRef = 74BB0D0E2BC65AC500BC2AA3 /* NETFLIXUITestsLaunchTests.swift */; };
		74BB0D1D2BC65DCC00BC2AA3 /* HomeViewController.swift in Sources */ = {isa = PBXBuildFile; fileRef = 74BB0D1C2BC65DCC00BC2AA3 /* HomeViewController.swift */; };
		74BB0D1F2BC65E0300BC2AA3 /* UpcomingViewController.swift in Sources */ = {isa = PBXBuildFile; fileRef = 74BB0D1E2BC65E0300BC2AA3 /* UpcomingViewController.swift */; };
		74BB0D212BC65E3300BC2AA3 /* SearchViewController.swift in Sources */ = {isa = PBXBuildFile; fileRef = 74BB0D202BC65E3300BC2AA3 /* SearchViewController.swift */; };
		74BB0D232BC65E7B00BC2AA3 /* DownloadsViewController.swift in Sources */ = {isa = PBXBuildFile; fileRef = 74BB0D222BC65E7B00BC2AA3 /* DownloadsViewController.swift */; };
		74BB0D2A2BC671AA00BC2AA3 /* CollectionViewTableViewCell.swift in Sources */ = {isa = PBXBuildFile; fileRef = 74BB0D292BC671AA00BC2AA3 /* CollectionViewTableViewCell.swift */; };
		74BB0D2C2BC6B4AF00BC2AA3 /* HeroHeaderUIView.swift in Sources */ = {isa = PBXBuildFile; fileRef = 74BB0D2B2BC6B4AF00BC2AA3 /* HeroHeaderUIView.swift */; };
/* End PBXBuildFile section */

/* Begin PBXContainerItemProxy section */
		74BB0CFF2BC65AC500BC2AA3 /* PBXContainerItemProxy */ = {
			isa = PBXContainerItemProxy;
			containerPortal = 74BB0CE02BC65AC300BC2AA3 /* Project object */;
			proxyType = 1;
			remoteGlobalIDString = 74BB0CE72BC65AC300BC2AA3;
			remoteInfo = NETFLIX;
		};
		74BB0D092BC65AC500BC2AA3 /* PBXContainerItemProxy */ = {
			isa = PBXContainerItemProxy;
			containerPortal = 74BB0CE02BC65AC300BC2AA3 /* Project object */;
			proxyType = 1;
			remoteGlobalIDString = 74BB0CE72BC65AC300BC2AA3;
			remoteInfo = NETFLIX;
		};
/* End PBXContainerItemProxy section */

/* Begin PBXFileReference section */
		74BB0CE82BC65AC300BC2AA3 /* NETFLIX.app */ = {isa = PBXFileReference; explicitFileType = wrapper.application; includeInIndex = 0; path = NETFLIX.app; sourceTree = BUILT_PRODUCTS_DIR; };
		74BB0CEB2BC65AC300BC2AA3 /* AppDelegate.swift */ = {isa = PBXFileReference; lastKnownFileType = sourcecode.swift; path = AppDelegate.swift; sourceTree = "<group>"; };
		74BB0CED2BC65AC300BC2AA3 /* SceneDelegate.swift */ = {isa = PBXFileReference; lastKnownFileType = sourcecode.swift; path = SceneDelegate.swift; sourceTree = "<group>"; };
		74BB0CEF2BC65AC300BC2AA3 /* MainTabBarViewController.swift */ = {isa = PBXFileReference; lastKnownFileType = sourcecode.swift; path = MainTabBarViewController.swift; sourceTree = "<group>"; };
		74BB0CF42BC65AC500BC2AA3 /* Assets.xcassets */ = {isa = PBXFileReference; lastKnownFileType = folder.assetcatalog; path = Assets.xcassets; sourceTree = "<group>"; };
		74BB0CF72BC65AC500BC2AA3 /* Base */ = {isa = PBXFileReference; lastKnownFileType = file.storyboard; name = Base; path = Base.lproj/LaunchScreen.storyboard; sourceTree = "<group>"; };
		74BB0CF92BC65AC500BC2AA3 /* Info.plist */ = {isa = PBXFileReference; lastKnownFileType = text.plist.xml; path = Info.plist; sourceTree = "<group>"; };
		74BB0CFE2BC65AC500BC2AA3 /* NETFLIXTests.xctest */ = {isa = PBXFileReference; explicitFileType = wrapper.cfbundle; includeInIndex = 0; path = NETFLIXTests.xctest; sourceTree = BUILT_PRODUCTS_DIR; };
		74BB0D022BC65AC500BC2AA3 /* NETFLIXTests.swift */ = {isa = PBXFileReference; lastKnownFileType = sourcecode.swift; path = NETFLIXTests.swift; sourceTree = "<group>"; };
		74BB0D082BC65AC500BC2AA3 /* NETFLIXUITests.xctest */ = {isa = PBXFileReference; explicitFileType = wrapper.cfbundle; includeInIndex = 0; path = NETFLIXUITests.xctest; sourceTree = BUILT_PRODUCTS_DIR; };
		74BB0D0C2BC65AC500BC2AA3 /* NETFLIXUITests.swift */ = {isa = PBXFileReference; lastKnownFileType = sourcecode.swift; path = NETFLIXUITests.swift; sourceTree = "<group>"; };
		74BB0D0E2BC65AC500BC2AA3 /* NETFLIXUITestsLaunchTests.swift */ = {isa = PBXFileReference; lastKnownFileType = sourcecode.swift; path = NETFLIXUITestsLaunchTests.swift; sourceTree = "<group>"; };
		74BB0D1C2BC65DCC00BC2AA3 /* HomeViewController.swift */ = {isa = PBXFileReference; lastKnownFileType = sourcecode.swift; path = HomeViewController.swift; sourceTree = "<group>"; };
		74BB0D1E2BC65E0300BC2AA3 /* UpcomingViewController.swift */ = {isa = PBXFileReference; lastKnownFileType = sourcecode.swift; path = UpcomingViewController.swift; sourceTree = "<group>"; };
		74BB0D202BC65E3300BC2AA3 /* SearchViewController.swift */ = {isa = PBXFileReference; lastKnownFileType = sourcecode.swift; path = SearchViewController.swift; sourceTree = "<group>"; };
		74BB0D222BC65E7B00BC2AA3 /* DownloadsViewController.swift */ = {isa = PBXFileReference; lastKnownFileType = sourcecode.swift; path = DownloadsViewController.swift; sourceTree = "<group>"; };
		74BB0D292BC671AA00BC2AA3 /* CollectionViewTableViewCell.swift */ = {isa = PBXFileReference; lastKnownFileType = sourcecode.swift; path = CollectionViewTableViewCell.swift; sourceTree = "<group>"; };
		74BB0D2B2BC6B4AF00BC2AA3 /* HeroHeaderUIView.swift */ = {isa = PBXFileReference; lastKnownFileType = sourcecode.swift; path = HeroHeaderUIView.swift; sourceTree = "<group>"; };
/* End PBXFileReference section */

/* Begin PBXFrameworksBuildPhase section */
		74BB0CE52BC65AC300BC2AA3 /* Frameworks */ = {
			isa = PBXFrameworksBuildPhase;
			buildActionMask = 2147483647;
			files = (
			);
			runOnlyForDeploymentPostprocessing = 0;
		};
		74BB0CFB2BC65AC500BC2AA3 /* Frameworks */ = {
			isa = PBXFrameworksBuildPhase;
			buildActionMask = 2147483647;
			files = (
			);
			runOnlyForDeploymentPostprocessing = 0;
		};
		74BB0D052BC65AC500BC2AA3 /* Frameworks */ = {
			isa = PBXFrameworksBuildPhase;
			buildActionMask = 2147483647;
			files = (
			);
			runOnlyForDeploymentPostprocessing = 0;
		};
/* End PBXFrameworksBuildPhase section */

/* Begin PBXGroup section */
		74BB0CDF2BC65AC300BC2AA3 = {
			isa = PBXGroup;
			children = (
				74BB0CEA2BC65AC300BC2AA3 /* NETFLIX */,
				74BB0D012BC65AC500BC2AA3 /* NETFLIXTests */,
				74BB0D0B2BC65AC500BC2AA3 /* NETFLIXUITests */,
				74BB0CE92BC65AC300BC2AA3 /* Products */,
			);
			sourceTree = "<group>";
		};
		74BB0CE92BC65AC300BC2AA3 /* Products */ = {
			isa = PBXGroup;
			children = (
				74BB0CE82BC65AC300BC2AA3 /* NETFLIX.app */,
				74BB0CFE2BC65AC500BC2AA3 /* NETFLIXTests.xctest */,
				74BB0D082BC65AC500BC2AA3 /* NETFLIXUITests.xctest */,
			);
			name = Products;
			sourceTree = "<group>";
		};
		74BB0CEA2BC65AC300BC2AA3 /* NETFLIX */ = {
			isa = PBXGroup;
			children = (
				74BB0D282BC66B1800BC2AA3 /* Managers */,
				74BB0D272BC66B0500BC2AA3 /* Resources */,
				74BB0D252BC66AC200BC2AA3 /* Models */,
				74BB0D242BC66AB000BC2AA3 /* Views */,
				74BB0D262BC66ACD00BC2AA3 /* ViewModels */,
				74BB0D1B2BC65DA800BC2AA3 /* Controllers */,
				74BB0CEB2BC65AC300BC2AA3 /* AppDelegate.swift */,
				74BB0CED2BC65AC300BC2AA3 /* SceneDelegate.swift */,
				74BB0CEF2BC65AC300BC2AA3 /* MainTabBarViewController.swift */,
				74BB0CF42BC65AC500BC2AA3 /* Assets.xcassets */,
				74BB0CF62BC65AC500BC2AA3 /* LaunchScreen.storyboard */,
				74BB0CF92BC65AC500BC2AA3 /* Info.plist */,
			);
			path = NETFLIX;
			sourceTree = "<group>";
		};
		74BB0D012BC65AC500BC2AA3 /* NETFLIXTests */ = {
			isa = PBXGroup;
			children = (
				74BB0D022BC65AC500BC2AA3 /* NETFLIXTests.swift */,
			);
			path = NETFLIXTests;
			sourceTree = "<group>";
		};
		74BB0D0B2BC65AC500BC2AA3 /* NETFLIXUITests */ = {
			isa = PBXGroup;
			children = (
				74BB0D0C2BC65AC500BC2AA3 /* NETFLIXUITests.swift */,
				74BB0D0E2BC65AC500BC2AA3 /* NETFLIXUITestsLaunchTests.swift */,
			);
			path = NETFLIXUITests;
			sourceTree = "<group>";
		};
		74BB0D1B2BC65DA800BC2AA3 /* Controllers */ = {
			isa = PBXGroup;
			children = (
				74BB0D1C2BC65DCC00BC2AA3 /* HomeViewController.swift */,
				74BB0D1E2BC65E0300BC2AA3 /* UpcomingViewController.swift */,
				74BB0D202BC65E3300BC2AA3 /* SearchViewController.swift */,
				74BB0D222BC65E7B00BC2AA3 /* DownloadsViewController.swift */,
			);
			path = Controllers;
			sourceTree = "<group>";
		};
		74BB0D242BC66AB000BC2AA3 /* Views */ = {
			isa = PBXGroup;
			children = (
				74BB0D292BC671AA00BC2AA3 /* CollectionViewTableViewCell.swift */,
				74BB0D2B2BC6B4AF00BC2AA3 /* HeroHeaderUIView.swift */,
			);
			path = Views;
			sourceTree = "<group>";
		};
		74BB0D252BC66AC200BC2AA3 /* Models */ = {
			isa = PBXGroup;
			children = (
			);
			path = Models;
			sourceTree = "<group>";
		};
		74BB0D262BC66ACD00BC2AA3 /* ViewModels */ = {
			isa = PBXGroup;
			children = (
			);
			path = ViewModels;
			sourceTree = "<group>";
		};
		74BB0D272BC66B0500BC2AA3 /* Resources */ = {
			isa = PBXGroup;
			children = (
			);
			path = Resources;
			sourceTree = "<group>";
		};
		74BB0D282BC66B1800BC2AA3 /* Managers */ = {
			isa = PBXGroup;
			children = (
			);
			path = Managers;
			sourceTree = "<group>";
		};
/* End PBXGroup section */

/* Begin PBXNativeTarget section */
		74BB0CE72BC65AC300BC2AA3 /* NETFLIX */ = {
			isa = PBXNativeTarget;
			buildConfigurationList = 74BB0D122BC65AC500BC2AA3 /* Build configuration list for PBXNativeTarget "NETFLIX" */;
			buildPhases = (
				74BB0CE42BC65AC300BC2AA3 /* Sources */,
				74BB0CE52BC65AC300BC2AA3 /* Frameworks */,
				74BB0CE62BC65AC300BC2AA3 /* Resources */,
			);
			buildRules = (
			);
			dependencies = (
			);
			name = NETFLIX;
			productName = NETFLIX;
			productReference = 74BB0CE82BC65AC300BC2AA3 /* NETFLIX.app */;
			productType = "com.apple.product-type.application";
		};
		74BB0CFD2BC65AC500BC2AA3 /* NETFLIXTests */ = {
			isa = PBXNativeTarget;
			buildConfigurationList = 74BB0D152BC65AC500BC2AA3 /* Build configuration list for PBXNativeTarget "NETFLIXTests" */;
			buildPhases = (
				74BB0CFA2BC65AC500BC2AA3 /* Sources */,
				74BB0CFB2BC65AC500BC2AA3 /* Frameworks */,
				74BB0CFC2BC65AC500BC2AA3 /* Resources */,
			);
			buildRules = (
			);
			dependencies = (
				74BB0D002BC65AC500BC2AA3 /* PBXTargetDependency */,
			);
			name = NETFLIXTests;
			productName = NETFLIXTests;
			productReference = 74BB0CFE2BC65AC500BC2AA3 /* NETFLIXTests.xctest */;
			productType = "com.apple.product-type.bundle.unit-test";
		};
		74BB0D072BC65AC500BC2AA3 /* NETFLIXUITests */ = {
			isa = PBXNativeTarget;
			buildConfigurationList = 74BB0D182BC65AC500BC2AA3 /* Build configuration list for PBXNativeTarget "NETFLIXUITests" */;
			buildPhases = (
				74BB0D042BC65AC500BC2AA3 /* Sources */,
				74BB0D052BC65AC500BC2AA3 /* Frameworks */,
				74BB0D062BC65AC500BC2AA3 /* Resources */,
			);
			buildRules = (
			);
			dependencies = (
				74BB0D0A2BC65AC500BC2AA3 /* PBXTargetDependency */,
			);
			name = NETFLIXUITests;
			productName = NETFLIXUITests;
			productReference = 74BB0D082BC65AC500BC2AA3 /* NETFLIXUITests.xctest */;
			productType = "com.apple.product-type.bundle.ui-testing";
		};
/* End PBXNativeTarget section */

/* Begin PBXProject section */
		74BB0CE02BC65AC300BC2AA3 /* Project object */ = {
			isa = PBXProject;
			attributes = {
				BuildIndependentTargetsInParallel = 1;
				LastSwiftUpdateCheck = 1520;
				LastUpgradeCheck = 1520;
				TargetAttributes = {
					74BB0CE72BC65AC300BC2AA3 = {
						CreatedOnToolsVersion = 15.2;
					};
					74BB0CFD2BC65AC500BC2AA3 = {
						CreatedOnToolsVersion = 15.2;
						TestTargetID = 74BB0CE72BC65AC300BC2AA3;
					};
					74BB0D072BC65AC500BC2AA3 = {
						CreatedOnToolsVersion = 15.2;
						TestTargetID = 74BB0CE72BC65AC300BC2AA3;
					};
				};
			};
			buildConfigurationList = 74BB0CE32BC65AC300BC2AA3 /* Build configuration list for PBXProject "NETFLIX" */;
			compatibilityVersion = "Xcode 14.0";
			developmentRegion = en;
			hasScannedForEncodings = 0;
			knownRegions = (
				en,
				Base,
			);
			mainGroup = 74BB0CDF2BC65AC300BC2AA3;
			productRefGroup = 74BB0CE92BC65AC300BC2AA3 /* Products */;
			projectDirPath = "";
			projectRoot = "";
			targets = (
				74BB0CE72BC65AC300BC2AA3 /* NETFLIX */,
				74BB0CFD2BC65AC500BC2AA3 /* NETFLIXTests */,
				74BB0D072BC65AC500BC2AA3 /* NETFLIXUITests */,
			);
		};
/* End PBXProject section */

/* Begin PBXResourcesBuildPhase section */
		74BB0CE62BC65AC300BC2AA3 /* Resources */ = {
			isa = PBXResourcesBuildPhase;
			buildActionMask = 2147483647;
			files = (
				74BB0CF82BC65AC500BC2AA3 /* LaunchScreen.storyboard in Resources */,
				74BB0CF52BC65AC500BC2AA3 /* Assets.xcassets in Resources */,
			);
			runOnlyForDeploymentPostprocessing = 0;
		};
		74BB0CFC2BC65AC500BC2AA3 /* Resources */ = {
			isa = PBXResourcesBuildPhase;
			buildActionMask = 2147483647;
			files = (
			);
			runOnlyForDeploymentPostprocessing = 0;
		};
		74BB0D062BC65AC500BC2AA3 /* Resources */ = {
			isa = PBXResourcesBuildPhase;
			buildActionMask = 2147483647;
			files = (
			);
			runOnlyForDeploymentPostprocessing = 0;
		};
/* End PBXResourcesBuildPhase section */

/* Begin PBXSourcesBuildPhase section */
		74BB0CE42BC65AC300BC2AA3 /* Sources */ = {
			isa = PBXSourcesBuildPhase;
			buildActionMask = 2147483647;
			files = (
				74BB0D212BC65E3300BC2AA3 /* SearchViewController.swift in Sources */,
				74BB0CF02BC65AC300BC2AA3 /* MainTabBarViewController.swift in Sources */,
				74BB0D2A2BC671AA00BC2AA3 /* CollectionViewTableViewCell.swift in Sources */,
				74BB0D2C2BC6B4AF00BC2AA3 /* HeroHeaderUIView.swift in Sources */,
				74BB0D232BC65E7B00BC2AA3 /* DownloadsViewController.swift in Sources */,
				74BB0CEC2BC65AC300BC2AA3 /* AppDelegate.swift in Sources */,
				74BB0CEE2BC65AC300BC2AA3 /* SceneDelegate.swift in Sources */,
				74BB0D1F2BC65E0300BC2AA3 /* UpcomingViewController.swift in Sources */,
				74BB0D1D2BC65DCC00BC2AA3 /* HomeViewController.swift in Sources */,
			);
			runOnlyForDeploymentPostprocessing = 0;
		};
		74BB0CFA2BC65AC500BC2AA3 /* Sources */ = {
			isa = PBXSourcesBuildPhase;
			buildActionMask = 2147483647;
			files = (
				74BB0D032BC65AC500BC2AA3 /* NETFLIXTests.swift in Sources */,
			);
			runOnlyForDeploymentPostprocessing = 0;
		};
		74BB0D042BC65AC500BC2AA3 /* Sources */ = {
			isa = PBXSourcesBuildPhase;
			buildActionMask = 2147483647;
			files = (
				74BB0D0D2BC65AC500BC2AA3 /* NETFLIXUITests.swift in Sources */,
				74BB0D0F2BC65AC500BC2AA3 /* NETFLIXUITestsLaunchTests.swift in Sources */,
			);
			runOnlyForDeploymentPostprocessing = 0;
		};
/* End PBXSourcesBuildPhase section */

/* Begin PBXTargetDependency section */
		74BB0D002BC65AC500BC2AA3 /* PBXTargetDependency */ = {
			isa = PBXTargetDependency;
			target = 74BB0CE72BC65AC300BC2AA3 /* NETFLIX */;
			targetProxy = 74BB0CFF2BC65AC500BC2AA3 /* PBXContainerItemProxy */;
		};
		74BB0D0A2BC65AC500BC2AA3 /* PBXTargetDependency */ = {
			isa = PBXTargetDependency;
			target = 74BB0CE72BC65AC300BC2AA3 /* NETFLIX */;
			targetProxy = 74BB0D092BC65AC500BC2AA3 /* PBXContainerItemProxy */;
		};
/* End PBXTargetDependency section */

/* Begin PBXVariantGroup section */
		74BB0CF62BC65AC500BC2AA3 /* LaunchScreen.storyboard */ = {
			isa = PBXVariantGroup;
			children = (
				74BB0CF72BC65AC500BC2AA3 /* Base */,
			);
			name = LaunchScreen.storyboard;
			sourceTree = "<group>";
		};
/* End PBXVariantGroup section */

/* Begin XCBuildConfiguration section */
		74BB0D102BC65AC500BC2AA3 /* Debug */ = {
			isa = XCBuildConfiguration;
			buildSettings = {
				ALWAYS_SEARCH_USER_PATHS = NO;
				ASSETCATALOG_COMPILER_GENERATE_SWIFT_ASSET_SYMBOL_EXTENSIONS = YES;
				CLANG_ANALYZER_NONNULL = YES;
				CLANG_ANALYZER_NUMBER_OBJECT_CONVERSION = YES_AGGRESSIVE;
				CLANG_CXX_LANGUAGE_STANDARD = "gnu++20";
				CLANG_ENABLE_MODULES = YES;
				CLANG_ENABLE_OBJC_ARC = YES;
				CLANG_ENABLE_OBJC_WEAK = YES;
				CLANG_WARN_BLOCK_CAPTURE_AUTORELEASING = YES;
				CLANG_WARN_BOOL_CONVERSION = YES;
				CLANG_WARN_COMMA = YES;
				CLANG_WARN_CONSTANT_CONVERSION = YES;
				CLANG_WARN_DEPRECATED_OBJC_IMPLEMENTATIONS = YES;
				CLANG_WARN_DIRECT_OBJC_ISA_USAGE = YES_ERROR;
				CLANG_WARN_DOCUMENTATION_COMMENTS = YES;
				CLANG_WARN_EMPTY_BODY = YES;
				CLANG_WARN_ENUM_CONVERSION = YES;
				CLANG_WARN_INFINITE_RECURSION = YES;
				CLANG_WARN_INT_CONVERSION = YES;
				CLANG_WARN_NON_LITERAL_NULL_CONVERSION = YES;
				CLANG_WARN_OBJC_IMPLICIT_RETAIN_SELF = YES;
				CLANG_WARN_OBJC_LITERAL_CONVERSION = YES;
				CLANG_WARN_OBJC_ROOT_CLASS = YES_ERROR;
				CLANG_WARN_QUOTED_INCLUDE_IN_FRAMEWORK_HEADER = YES;
				CLANG_WARN_RANGE_LOOP_ANALYSIS = YES;
				CLANG_WARN_STRICT_PROTOTYPES = YES;
				CLANG_WARN_SUSPICIOUS_MOVE = YES;
				CLANG_WARN_UNGUARDED_AVAILABILITY = YES_AGGRESSIVE;
				CLANG_WARN_UNREACHABLE_CODE = YES;
				CLANG_WARN__DUPLICATE_METHOD_MATCH = YES;
				COPY_PHASE_STRIP = NO;
				DEBUG_INFORMATION_FORMAT = dwarf;
				ENABLE_STRICT_OBJC_MSGSEND = YES;
				ENABLE_TESTABILITY = YES;
				ENABLE_USER_SCRIPT_SANDBOXING = YES;
				GCC_C_LANGUAGE_STANDARD = gnu17;
				GCC_DYNAMIC_NO_PIC = NO;
				GCC_NO_COMMON_BLOCKS = YES;
				GCC_OPTIMIZATION_LEVEL = 0;
				GCC_PREPROCESSOR_DEFINITIONS = (
					"DEBUG=1",
					"$(inherited)",
				);
				GCC_WARN_64_TO_32_BIT_CONVERSION = YES;
				GCC_WARN_ABOUT_RETURN_TYPE = YES_ERROR;
				GCC_WARN_UNDECLARED_SELECTOR = YES;
				GCC_WARN_UNINITIALIZED_AUTOS = YES_AGGRESSIVE;
				GCC_WARN_UNUSED_FUNCTION = YES;
				GCC_WARN_UNUSED_VARIABLE = YES;
				IPHONEOS_DEPLOYMENT_TARGET = 17.2;
				LOCALIZATION_PREFERS_STRING_CATALOGS = YES;
				MTL_ENABLE_DEBUG_INFO = INCLUDE_SOURCE;
				MTL_FAST_MATH = YES;
				ONLY_ACTIVE_ARCH = YES;
				SDKROOT = iphoneos;
				SWIFT_ACTIVE_COMPILATION_CONDITIONS = "DEBUG $(inherited)";
				SWIFT_OPTIMIZATION_LEVEL = "-Onone";
			};
			name = Debug;
		};
		74BB0D112BC65AC500BC2AA3 /* Release */ = {
			isa = XCBuildConfiguration;
			buildSettings = {
				ALWAYS_SEARCH_USER_PATHS = NO;
				ASSETCATALOG_COMPILER_GENERATE_SWIFT_ASSET_SYMBOL_EXTENSIONS = YES;
				CLANG_ANALYZER_NONNULL = YES;
				CLANG_ANALYZER_NUMBER_OBJECT_CONVERSION = YES_AGGRESSIVE;
				CLANG_CXX_LANGUAGE_STANDARD = "gnu++20";
				CLANG_ENABLE_MODULES = YES;
				CLANG_ENABLE_OBJC_ARC = YES;
				CLANG_ENABLE_OBJC_WEAK = YES;
				CLANG_WARN_BLOCK_CAPTURE_AUTORELEASING = YES;
				CLANG_WARN_BOOL_CONVERSION = YES;
				CLANG_WARN_COMMA = YES;
				CLANG_WARN_CONSTANT_CONVERSION = YES;
				CLANG_WARN_DEPRECATED_OBJC_IMPLEMENTATIONS = YES;
				CLANG_WARN_DIRECT_OBJC_ISA_USAGE = YES_ERROR;
				CLANG_WARN_DOCUMENTATION_COMMENTS = YES;
				CLANG_WARN_EMPTY_BODY = YES;
				CLANG_WARN_ENUM_CONVERSION = YES;
				CLANG_WARN_INFINITE_RECURSION = YES;
				CLANG_WARN_INT_CONVERSION = YES;
				CLANG_WARN_NON_LITERAL_NULL_CONVERSION = YES;
				CLANG_WARN_OBJC_IMPLICIT_RETAIN_SELF = YES;
				CLANG_WARN_OBJC_LITERAL_CONVERSION = YES;
				CLANG_WARN_OBJC_ROOT_CLASS = YES_ERROR;
				CLANG_WARN_QUOTED_INCLUDE_IN_FRAMEWORK_HEADER = YES;
				CLANG_WARN_RANGE_LOOP_ANALYSIS = YES;
				CLANG_WARN_STRICT_PROTOTYPES = YES;
				CLANG_WARN_SUSPICIOUS_MOVE = YES;
				CLANG_WARN_UNGUARDED_AVAILABILITY = YES_AGGRESSIVE;
				CLANG_WARN_UNREACHABLE_CODE = YES;
				CLANG_WARN__DUPLICATE_METHOD_MATCH = YES;
				COPY_PHASE_STRIP = NO;
				DEBUG_INFORMATION_FORMAT = "dwarf-with-dsym";
				ENABLE_NS_ASSERTIONS = NO;
				ENABLE_STRICT_OBJC_MSGSEND = YES;
				ENABLE_USER_SCRIPT_SANDBOXING = YES;
				GCC_C_LANGUAGE_STANDARD = gnu17;
				GCC_NO_COMMON_BLOCKS = YES;
				GCC_WARN_64_TO_32_BIT_CONVERSION = YES;
				GCC_WARN_ABOUT_RETURN_TYPE = YES_ERROR;
				GCC_WARN_UNDECLARED_SELECTOR = YES;
				GCC_WARN_UNINITIALIZED_AUTOS = YES_AGGRESSIVE;
				GCC_WARN_UNUSED_FUNCTION = YES;
				GCC_WARN_UNUSED_VARIABLE = YES;
				IPHONEOS_DEPLOYMENT_TARGET = 17.2;
				LOCALIZATION_PREFERS_STRING_CATALOGS = YES;
				MTL_ENABLE_DEBUG_INFO = NO;
				MTL_FAST_MATH = YES;
				SDKROOT = iphoneos;
				SWIFT_COMPILATION_MODE = wholemodule;
				VALIDATE_PRODUCT = YES;
			};
			name = Release;
		};
		74BB0D132BC65AC500BC2AA3 /* Debug */ = {
			isa = XCBuildConfiguration;
			buildSettings = {
				ASSETCATALOG_COMPILER_APPICON_NAME = AppIcon;
				ASSETCATALOG_COMPILER_GLOBAL_ACCENT_COLOR_NAME = AccentColor;
				CODE_SIGN_STYLE = Automatic;
				CURRENT_PROJECT_VERSION = 1;
				GENERATE_INFOPLIST_FILE = YES;
				INFOPLIST_FILE = NETFLIX/Info.plist;
				INFOPLIST_KEY_UIApplicationSupportsIndirectInputEvents = YES;
				INFOPLIST_KEY_UILaunchStoryboardName = LaunchScreen;
				INFOPLIST_KEY_UISupportedInterfaceOrientations_iPad = "UIInterfaceOrientationPortrait UIInterfaceOrientationPortraitUpsideDown UIInterfaceOrientationLandscapeLeft UIInterfaceOrientationLandscapeRight";
				INFOPLIST_KEY_UISupportedInterfaceOrientations_iPhone = "UIInterfaceOrientationPortrait UIInterfaceOrientationLandscapeLeft UIInterfaceOrientationLandscapeRight";
				LD_RUNPATH_SEARCH_PATHS = (
					"$(inherited)",
					"@executable_path/Frameworks",
				);
				MARKETING_VERSION = 1.0;
				PRODUCT_BUNDLE_IDENTIFIER = com.zignuts.NETFLIX;
				PRODUCT_NAME = "$(TARGET_NAME)";
				SWIFT_EMIT_LOC_STRINGS = YES;
				SWIFT_VERSION = 5.0;
				TARGETED_DEVICE_FAMILY = "1,2";
			};
			name = Debug;
		};
		74BB0D142BC65AC500BC2AA3 /* Release */ = {
			isa = XCBuildConfiguration;
			buildSettings = {
				ASSETCATALOG_COMPILER_APPICON_NAME = AppIcon;
				ASSETCATALOG_COMPILER_GLOBAL_ACCENT_COLOR_NAME = AccentColor;
				CODE_SIGN_STYLE = Automatic;
				CURRENT_PROJECT_VERSION = 1;
				GENERATE_INFOPLIST_FILE = YES;
				INFOPLIST_FILE = NETFLIX/Info.plist;
				INFOPLIST_KEY_UIApplicationSupportsIndirectInputEvents = YES;
				INFOPLIST_KEY_UILaunchStoryboardName = LaunchScreen;
				INFOPLIST_KEY_UISupportedInterfaceOrientations_iPad = "UIInterfaceOrientationPortrait UIInterfaceOrientationPortraitUpsideDown UIInterfaceOrientationLandscapeLeft UIInterfaceOrientationLandscapeRight";
				INFOPLIST_KEY_UISupportedInterfaceOrientations_iPhone = "UIInterfaceOrientationPortrait UIInterfaceOrientationLandscapeLeft UIInterfaceOrientationLandscapeRight";
				LD_RUNPATH_SEARCH_PATHS = (
					"$(inherited)",
					"@executable_path/Frameworks",
				);
				MARKETING_VERSION = 1.0;
				PRODUCT_BUNDLE_IDENTIFIER = com.zignuts.NETFLIX;
				PRODUCT_NAME = "$(TARGET_NAME)";
				SWIFT_EMIT_LOC_STRINGS = YES;
				SWIFT_VERSION = 5.0;
				TARGETED_DEVICE_FAMILY = "1,2";
			};
			name = Release;
		};
		74BB0D162BC65AC500BC2AA3 /* Debug */ = {
			isa = XCBuildConfiguration;
			buildSettings = {
				ALWAYS_EMBED_SWIFT_STANDARD_LIBRARIES = YES;
				BUNDLE_LOADER = "$(TEST_HOST)";
				CODE_SIGN_STYLE = Automatic;
				CURRENT_PROJECT_VERSION = 1;
				GENERATE_INFOPLIST_FILE = YES;
				IPHONEOS_DEPLOYMENT_TARGET = 17.2;
				MARKETING_VERSION = 1.0;
				PRODUCT_BUNDLE_IDENTIFIER = com.zignuts.NETFLIXTests;
				PRODUCT_NAME = "$(TARGET_NAME)";
				SWIFT_EMIT_LOC_STRINGS = NO;
				SWIFT_VERSION = 5.0;
				TARGETED_DEVICE_FAMILY = "1,2";
				TEST_HOST = "$(BUILT_PRODUCTS_DIR)/NETFLIX.app/$(BUNDLE_EXECUTABLE_FOLDER_PATH)/NETFLIX";
			};
			name = Debug;
		};
		74BB0D172BC65AC500BC2AA3 /* Release */ = {
			isa = XCBuildConfiguration;
			buildSettings = {
				ALWAYS_EMBED_SWIFT_STANDARD_LIBRARIES = YES;
				BUNDLE_LOADER = "$(TEST_HOST)";
				CODE_SIGN_STYLE = Automatic;
				CURRENT_PROJECT_VERSION = 1;
				GENERATE_INFOPLIST_FILE = YES;
				IPHONEOS_DEPLOYMENT_TARGET = 17.2;
				MARKETING_VERSION = 1.0;
				PRODUCT_BUNDLE_IDENTIFIER = com.zignuts.NETFLIXTests;
				PRODUCT_NAME = "$(TARGET_NAME)";
				SWIFT_EMIT_LOC_STRINGS = NO;
				SWIFT_VERSION = 5.0;
				TARGETED_DEVICE_FAMILY = "1,2";
				TEST_HOST = "$(BUILT_PRODUCTS_DIR)/NETFLIX.app/$(BUNDLE_EXECUTABLE_FOLDER_PATH)/NETFLIX";
			};
			name = Release;
		};
		74BB0D192BC65AC500BC2AA3 /* Debug */ = {
			isa = XCBuildConfiguration;
			buildSettings = {
				ALWAYS_EMBED_SWIFT_STANDARD_LIBRARIES = YES;
				CODE_SIGN_STYLE = Automatic;
				CURRENT_PROJECT_VERSION = 1;
				GENERATE_INFOPLIST_FILE = YES;
				MARKETING_VERSION = 1.0;
				PRODUCT_BUNDLE_IDENTIFIER = com.zignuts.NETFLIXUITests;
				PRODUCT_NAME = "$(TARGET_NAME)";
				SWIFT_EMIT_LOC_STRINGS = NO;
				SWIFT_VERSION = 5.0;
				TARGETED_DEVICE_FAMILY = "1,2";
				TEST_TARGET_NAME = NETFLIX;
			};
			name = Debug;
		};
		74BB0D1A2BC65AC500BC2AA3 /* Release */ = {
			isa = XCBuildConfiguration;
			buildSettings = {
				ALWAYS_EMBED_SWIFT_STANDARD_LIBRARIES = YES;
				CODE_SIGN_STYLE = Automatic;
				CURRENT_PROJECT_VERSION = 1;
				GENERATE_INFOPLIST_FILE = YES;
				MARKETING_VERSION = 1.0;
				PRODUCT_BUNDLE_IDENTIFIER = com.zignuts.NETFLIXUITests;
				PRODUCT_NAME = "$(TARGET_NAME)";
				SWIFT_EMIT_LOC_STRINGS = NO;
				SWIFT_VERSION = 5.0;
				TARGETED_DEVICE_FAMILY = "1,2";
				TEST_TARGET_NAME = NETFLIX;
			};
			name = Release;
		};
/* End XCBuildConfiguration section */

/* Begin XCConfigurationList section */
		74BB0CE32BC65AC300BC2AA3 /* Build configuration list for PBXProject "NETFLIX" */ = {
			isa = XCConfigurationList;
			buildConfigurations = (
				74BB0D102BC65AC500BC2AA3 /* Debug */,
				74BB0D112BC65AC500BC2AA3 /* Release */,
			);
			defaultConfigurationIsVisible = 0;
			defaultConfigurationName = Release;
		};
		74BB0D122BC65AC500BC2AA3 /* Build configuration list for PBXNativeTarget "NETFLIX" */ = {
			isa = XCConfigurationList;
			buildConfigurations = (
				74BB0D132BC65AC500BC2AA3 /* Debug */,
				74BB0D142BC65AC500BC2AA3 /* Release */,
			);
			defaultConfigurationIsVisible = 0;
			defaultConfigurationName = Release;
		};
		74BB0D152BC65AC500BC2AA3 /* Build configuration list for PBXNativeTarget "NETFLIXTests" */ = {
			isa = XCConfigurationList;
			buildConfigurations = (
				74BB0D162BC65AC500BC2AA3 /* Debug */,
				74BB0D172BC65AC500BC2AA3 /* Release */,
			);
			defaultConfigurationIsVisible = 0;
			defaultConfigurationName = Release;
		};
		74BB0D182BC65AC500BC2AA3 /* Build configuration list for PBXNativeTarget "NETFLIXUITests" */ = {
			isa = XCConfigurationList;
			buildConfigurations = (
				74BB0D192BC65AC500BC2AA3 /* Debug */,
				74BB0D1A2BC65AC500BC2AA3 /* Release */,
			);
			defaultConfigurationIsVisible = 0;
			defaultConfigurationName = Release;
		};
/* End XCConfigurationList section */
	};
	rootObject = 74BB0CE02BC65AC300BC2AA3 /* Project object */;
}
